
Microsoft Visual Studio Solution File, Format Version 12.00
# Visual Studio Version 16
VisualStudioVersion = 16.0.31205.134
MinimumVisualStudioVersion = 10.0.40219.1
Project("{FAE04EC0-301F-11D3-BF4B-00C04F79EFBC}") = "Shopping.API", "Shopping.API\Shopping.API.csproj", "{FB31D059-D92B-434D-9BB1-D379448A75B4}"
EndProject
Project("{9A19103F-16F7-4668-BE54-9A1E7A4F7556}") = "Shopping.Client", "Shopping.Client\Shopping.Client.csproj", "{5D081336-D9FE-4DAB-A0C9-F08BBC61ED60}"
EndProject
Global
	GlobalSection(SolutionConfigurationPlatforms) = preSolution
		Debug|Any CPU = Debug|Any CPU
		Release|Any CPU = Release|Any CPU
	EndGlobalSection
	GlobalSection(ProjectConfigurationPlatforms) = postSolution
		{FB31D059-D92B-434D-9BB1-D379448A75B4}.Debug|Any CPU.ActiveCfg = Debug|Any CPU
		{FB31D059-D92B-434D-9BB1-D379448A75B4}.Debug|Any CPU.Build.0 = Debug|Any CPU
		{FB31D059-D92B-434D-9BB1-D379448A75B4}.Release|Any CPU.ActiveCfg = Release|Any CPU
		{FB31D059-D92B-434D-9BB1-D379448A75B4}.Release|Any CPU.Build.0 = Release|Any CPU
		{5D081336-D9FE-4DAB-A0C9-F08BBC61ED60}.Debug|Any CPU.ActiveCfg = Debug|Any CPU
		{5D081336-D9FE-4DAB-A0C9-F08BBC61ED60}.Debug|Any CPU.Build.0 = Debug|Any CPU
		{5D081336-D9FE-4DAB-A0C9-F08BBC61ED60}.Release|Any CPU.ActiveCfg = Release|Any CPU
		{5D081336-D9FE-4DAB-A0C9-F08BBC61ED60}.Release|Any CPU.Build.0 = Release|Any CPU
	EndGlobalSection
	GlobalSection(SolutionProperties) = preSolution
		HideSolutionNode = FALSE
	EndGlobalSection
	GlobalSection(ExtensibilityGlobals) = postSolution
		SolutionGuid = {D85E552C-8E7D-4AE5-A662-443A2A1876CD}
	EndGlobalSection
EndGlobal
